
Microsoft Visual Studio Solution File, Format Version 12.00
# Visual Studio Version 16
VisualStudioVersion = 16.0.31112.23
MinimumVisualStudioVersion = 10.0.40219.1
Project("{FAE04EC0-301F-11D3-BF4B-00C04F79EFBC}") = "ImageViewerTest", "ImageViewerTest\ImageViewerTest.csproj", "{4EA6F4ED-ACB3-4A04-8139-115ABA9F1128}"
EndProject
Global
	GlobalSection(SolutionConfigurationPlatforms) = preSolution
		Debug|Any CPU = Debug|Any CPU
		Release|Any CPU = Release|Any CPU
	EndGlobalSection
	GlobalSection(ProjectConfigurationPlatforms) = postSolution
		{4EA6F4ED-ACB3-4A04-8139-115ABA9F1128}.Debug|Any CPU.ActiveCfg = Debug|Any CPU
		{4EA6F4ED-ACB3-4A04-8139-115ABA9F1128}.Debug|Any CPU.Build.0 = Debug|Any CPU
		{4EA6F4ED-ACB3-4A04-8139-115ABA9F1128}.Release|Any CPU.ActiveCfg = Release|Any CPU
		{4EA6F4ED-ACB3-4A04-8139-115ABA9F1128}.Release|Any CPU.Build.0 = Release|Any CPU
	EndGlobalSection
	GlobalSection(SolutionProperties) = preSolution
		HideSolutionNode = FALSE
	EndGlobalSection
	GlobalSection(ExtensibilityGlobals) = postSolution
		SolutionGuid = {5340CB08-EB66-46EC-AC87-7B5B8329A7A4}
	EndGlobalSection
EndGlobal
